
Microsoft Visual Studio Solution File, Format Version 12.00
# Visual Studio 15
VisualStudioVersion = 15.0.28307.136
MinimumVisualStudioVersion = 10.0.40219.1
Project("{FAE04EC0-301F-11D3-BF4B-00C04F79EFBC}") = "mvvm_part2.Android", "mvvm_part2\mvvm_part2.Android\mvvm_part2.Android.csproj", "{55F7569C-FA53-4FE3-9169-4AF2847AC053}"
EndProject
Project("{FAE04EC0-301F-11D3-BF4B-00C04F79EFBC}") = "mvvm_part2.iOS", "mvvm_part2\mvvm_part2.iOS\mvvm_part2.iOS.csproj", "{57B5310C-5C7B-4AE4-9E48-78DB8CD8BA6E}"
EndProject
Project("{FAE04EC0-301F-11D3-BF4B-00C04F79EFBC}") = "mvvm_part2.UWP", "mvvm_part2\mvvm_part2.UWP\mvvm_part2.UWP.csproj", "{BEFE3819-FD91-4B2B-BC7B-EFA18C1FA788}"
EndProject
Project("{FAE04EC0-301F-11D3-BF4B-00C04F79EFBC}") = "mvvm_part2", "mvvm_part2\mvvm_part2\mvvm_part2.csproj", "{40760B7F-5946-4410-9033-1B6A3CA04E3A}"
EndProject
Global
	GlobalSection(SolutionConfigurationPlatforms) = preSolution
		Ad-Hoc|Any CPU = Ad-Hoc|Any CPU
		Ad-Hoc|ARM = Ad-Hoc|ARM
		Ad-Hoc|iPhone = Ad-Hoc|iPhone
		Ad-Hoc|iPhoneSimulator = Ad-Hoc|iPhoneSimulator
		Ad-Hoc|x64 = Ad-Hoc|x64
		Ad-Hoc|x86 = Ad-Hoc|x86
		AppStore|Any CPU = AppStore|Any CPU
		AppStore|ARM = AppStore|ARM
		AppStore|iPhone = AppStore|iPhone
		AppStore|iPhoneSimulator = AppStore|iPhoneSimulator
		AppStore|x64 = AppStore|x64
		AppStore|x86 = AppStore|x86
		Debug|Any CPU = Debug|Any CPU
		Debug|ARM = Debug|ARM
		Debug|iPhone = Debug|iPhone
		Debug|iPhoneSimulator = Debug|iPhoneSimulator
		Debug|x64 = Debug|x64
		Debug|x86 = Debug|x86
		Release|Any CPU = Release|Any CPU
		Release|ARM = Release|ARM
		Release|iPhone = Release|iPhone
		Release|iPhoneSimulator = Release|iPhoneSimulator
		Release|x64 = Release|x64
		Release|x86 = Release|x86
	EndGlobalSection
	GlobalSection(ProjectConfigurationPlatforms) = postSolution
		{55F7569C-FA53-4FE3-9169-4AF2847AC053}.Ad-Hoc|Any CPU.ActiveCfg = Release|Any CPU
		{55F7569C-FA53-4FE3-9169-4AF2847AC053}.Ad-Hoc|Any CPU.Build.0 = Release|Any CPU
		{55F7569C-FA53-4FE3-9169-4AF2847AC053}.Ad-Hoc|Any CPU.Deploy.0 = Release|Any CPU
		{55F7569C-FA53-4FE3-9169-4AF2847AC053}.Ad-Hoc|ARM.ActiveCfg = Release|Any CPU
		{55F7569C-FA53-4FE3-9169-4AF2847AC053}.Ad-Hoc|ARM.Build.0 = Release|Any CPU
		{55F7569C-FA53-4FE3-9169-4AF2847AC053}.Ad-Hoc|ARM.Deploy.0 = Release|Any CPU
		{55F7569C-FA53-4FE3-9169-4AF2847AC053}.Ad-Hoc|iPhone.ActiveCfg = Release|Any CPU
		{55F7569C-FA53-4FE3-9169-4AF2847AC053}.Ad-Hoc|iPhone.Build.0 = Release|Any CPU
		{55F7569C-FA53-4FE3-9169-4AF2847AC053}.Ad-Hoc|iPhone.Deploy.0 = Release|Any CPU
		{55F7569C-FA53-4FE3-9169-4AF2847AC053}.Ad-Hoc|iPhoneSimulator.ActiveCfg = Release|Any CPU
		{55F7569C-FA53-4FE3-9169-4AF2847AC053}.Ad-Hoc|iPhoneSimulator.Build.0 = Release|Any CPU
		{55F7569C-FA53-4FE3-9169-4AF2847AC053}.Ad-Hoc|iPhoneSimulator.Deploy.0 = Release|Any CPU
		{55F7569C-FA53-4FE3-9169-4AF2847AC053}.Ad-Hoc|x64.ActiveCfg = Release|Any CPU
		{55F7569C-FA53-4FE3-9169-4AF2847AC053}.Ad-Hoc|x64.Build.0 = Release|Any CPU
		{55F7569C-FA53-4FE3-9169-4AF2847AC053}.Ad-Hoc|x64.Deploy.0 = Release|Any CPU
		{55F7569C-FA53-4FE3-9169-4AF2847AC053}.Ad-Hoc|x86.ActiveCfg = Release|Any CPU
		{55F7569C-FA53-4FE3-9169-4AF2847AC053}.Ad-Hoc|x86.Build.0 = Release|Any CPU
		{55F7569C-FA53-4FE3-9169-4AF2847AC053}.Ad-Hoc|x86.Deploy.0 = Release|Any CPU
		{55F7569C-FA53-4FE3-9169-4AF2847AC053}.AppStore|Any CPU.ActiveCfg = Release|Any CPU
		{55F7569C-FA53-4FE3-9169-4AF2847AC053}.AppStore|Any CPU.Build.0 = Release|Any CPU
		{55F7569C-FA53-4FE3-9169-4AF2847AC053}.AppStore|Any CPU.Deploy.0 = Release|Any CPU
		{55F7569C-FA53-4FE3-9169-4AF2847AC053}.AppStore|ARM.ActiveCfg = Release|Any CPU
		{55F7569C-FA53-4FE3-9169-4AF2847AC053}.AppStore|ARM.Build.0 = Release|Any CPU
		{55F7569C-FA53-4FE3-9169-4AF2847AC053}.AppStore|ARM.Deploy.0 = Release|Any CPU
		{55F7569C-FA53-4FE3-9169-4AF2847AC053}.AppStore|iPhone.ActiveCfg = Release|Any CPU
		{55F7569C-FA53-4FE3-9169-4AF2847AC053}.AppStore|iPhone.Build.0 = Release|Any CPU
		{55F7569C-FA53-4FE3-9169-4AF2847AC053}.AppStore|iPhone.Deploy.0 = Release|Any CPU
		{55F7569C-FA53-4FE3-9169-4AF2847AC053}.AppStore|iPhoneSimulator.ActiveCfg = Release|Any CPU
		{55F7569C-FA53-4FE3-9169-4AF2847AC053}.AppStore|iPhoneSimulator.Build.0 = Release|Any CPU
		{55F7569C-FA53-4FE3-9169-4AF2847AC053}.AppStore|iPhoneSimulator.Deploy.0 = Release|Any CPU
		{55F7569C-FA53-4FE3-9169-4AF2847AC053}.AppStore|x64.ActiveCfg = Release|Any CPU
		{55F7569C-FA53-4FE3-9169-4AF2847AC053}.AppStore|x64.Build.0 = Release|Any CPU
		{55F7569C-FA53-4FE3-9169-4AF2847AC053}.AppStore|x64.Deploy.0 = Release|Any CPU
		{55F7569C-FA53-4FE3-9169-4AF2847AC053}.AppStore|x86.ActiveCfg = Release|Any CPU
		{55F7569C-FA53-4FE3-9169-4AF2847AC053}.AppStore|x86.Build.0 = Release|Any CPU
		{55F7569C-FA53-4FE3-9169-4AF2847AC053}.AppStore|x86.Deploy.0 = Release|Any CPU
		{55F7569C-FA53-4FE3-9169-4AF2847AC053}.Debug|Any CPU.ActiveCfg = Debug|Any CPU
		{55F7569C-FA53-4FE3-9169-4AF2847AC053}.Debug|Any CPU.Build.0 = Debug|Any CPU
		{55F7569C-FA53-4FE3-9169-4AF2847AC053}.Debug|Any CPU.Deploy.0 = Debug|Any CPU
		{55F7569C-FA53-4FE3-9169-4AF2847AC053}.Debug|ARM.ActiveCfg = Debug|Any CPU
		{55F7569C-FA53-4FE3-9169-4AF2847AC053}.Debug|ARM.Build.0 = Debug|Any CPU
		{55F7569C-FA53-4FE3-9169-4AF2847AC053}.Debug|ARM.Deploy.0 = Debug|Any CPU
		{55F7569C-FA53-4FE3-9169-4AF2847AC053}.Debug|iPhone.ActiveCfg = Debug|Any CPU
		{55F7569C-FA53-4FE3-9169-4AF2847AC053}.Debug|iPhone.Build.0 = Debug|Any CPU
		{55F7569C-FA53-4FE3-9169-4AF2847AC053}.Debug|iPhone.Deploy.0 = Debug|Any CPU
		{55F7569C-FA53-4FE3-9169-4AF2847AC053}.Debug|iPhoneSimulator.ActiveCfg = Debug|Any CPU
		{55F7569C-FA53-4FE3-9169-4AF2847AC053}.Debug|iPhoneSimulator.Build.0 = Debug|Any CPU
		{55F7569C-FA53-4FE3-9169-4AF2847AC053}.Debug|iPhoneSimulator.Deploy.0 = Debug|Any CPU
		{55F7569C-FA53-4FE3-9169-4AF2847AC053}.Debug|x64.ActiveCfg = Debug|Any CPU
		{55F7569C-FA53-4FE3-9169-4AF2847AC053}.Debug|x64.Build.0 = Debug|Any CPU
		{55F7569C-FA53-4FE3-9169-4AF2847AC053}.Debug|x64.Deploy.0 = Debug|Any CPU
		{55F7569C-FA53-4FE3-9169-4AF2847AC053}.Debug|x86.ActiveCfg = Debug|Any CPU
		{55F7569C-FA53-4FE3-9169-4AF2847AC053}.Debug|x86.Build.0 = Debug|Any CPU
		{55F7569C-FA53-4FE3-9169-4AF2847AC053}.Debug|x86.Deploy.0 = Debug|Any CPU
		{55F7569C-FA53-4FE3-9169-4AF2847AC053}.Release|Any CPU.ActiveCfg = Release|Any CPU
		{55F7569C-FA53-4FE3-9169-4AF2847AC053}.Release|Any CPU.Build.0 = Release|Any CPU
		{55F7569C-FA53-4FE3-9169-4AF2847AC053}.Release|Any CPU.Deploy.0 = Release|Any CPU
		{55F7569C-FA53-4FE3-9169-4AF2847AC053}.Release|ARM.ActiveCfg = Release|Any CPU
		{55F7569C-FA53-4FE3-9169-4AF2847AC053}.Release|ARM.Build.0 = Release|Any CPU
		{55F7569C-FA53-4FE3-9169-4AF2847AC053}.Release|ARM.Deploy.0 = Release|Any CPU
		{55F7569C-FA53-4FE3-9169-4AF2847AC053}.Release|iPhone.ActiveCfg = Release|Any CPU
		{55F7569C-FA53-4FE3-9169-4AF2847AC053}.Release|iPhone.Build.0 = Release|Any CPU
		{55F7569C-FA53-4FE3-9169-4AF2847AC053}.Release|iPhone.Deploy.0 = Release|Any CPU
		{55F7569C-FA53-4FE3-9169-4AF2847AC053}.Release|iPhoneSimulator.ActiveCfg = Release|Any CPU
		{55F7569C-FA53-4FE3-9169-4AF2847AC053}.Release|iPhoneSimulator.Build.0 = Release|Any CPU
		{55F7569C-FA53-4FE3-9169-4AF2847AC053}.Release|iPhoneSimulator.Deploy.0 = Release|Any CPU
		{55F7569C-FA53-4FE3-9169-4AF2847AC053}.Release|x64.ActiveCfg = Release|Any CPU
		{55F7569C-FA53-4FE3-9169-4AF2847AC053}.Release|x64.Build.0 = Release|Any CPU
		{55F7569C-FA53-4FE3-9169-4AF2847AC053}.Release|x64.Deploy.0 = Release|Any CPU
		{55F7569C-FA53-4FE3-9169-4AF2847AC053}.Release|x86.ActiveCfg = Release|Any CPU
		{55F7569C-FA53-4FE3-9169-4AF2847AC053}.Release|x86.Build.0 = Release|Any CPU
		{55F7569C-FA53-4FE3-9169-4AF2847AC053}.Release|x86.Deploy.0 = Release|Any CPU
		{57B5310C-5C7B-4AE4-9E48-78DB8CD8BA6E}.Ad-Hoc|Any CPU.ActiveCfg = Ad-Hoc|iPhone
		{57B5310C-5C7B-4AE4-9E48-78DB8CD8BA6E}.Ad-Hoc|Any CPU.Build.0 = Ad-Hoc|iPhone
		{57B5310C-5C7B-4AE4-9E48-78DB8CD8BA6E}.Ad-Hoc|Any CPU.Deploy.0 = Ad-Hoc|iPhone
		{57B5310C-5C7B-4AE4-9E48-78DB8CD8BA6E}.Ad-Hoc|ARM.ActiveCfg = Ad-Hoc|iPhone
		{57B5310C-5C7B-4AE4-9E48-78DB8CD8BA6E}.Ad-Hoc|ARM.Build.0 = Ad-Hoc|iPhone
		{57B5310C-5C7B-4AE4-9E48-78DB8CD8BA6E}.Ad-Hoc|ARM.Deploy.0 = Ad-Hoc|iPhone
		{57B5310C-5C7B-4AE4-9E48-78DB8CD8BA6E}.Ad-Hoc|iPhone.ActiveCfg = Ad-Hoc|iPhone
		{57B5310C-5C7B-4AE4-9E48-78DB8CD8BA6E}.Ad-Hoc|iPhone.Build.0 = Ad-Hoc|iPhone
		{57B5310C-5C7B-4AE4-9E48-78DB8CD8BA6E}.Ad-Hoc|iPhone.Deploy.0 = Ad-Hoc|iPhone
		{57B5310C-5C7B-4AE4-9E48-78DB8CD8BA6E}.Ad-Hoc|iPhoneSimulator.ActiveCfg = Ad-Hoc|iPhoneSimulator
		{57B5310C-5C7B-4AE4-9E48-78DB8CD8BA6E}.Ad-Hoc|iPhoneSimulator.Build.0 = Ad-Hoc|iPhoneSimulator
		{57B5310C-5C7B-4AE4-9E48-78DB8CD8BA6E}.Ad-Hoc|iPhoneSimulator.Deploy.0 = Ad-Hoc|iPhoneSimulator
		{57B5310C-5C7B-4AE4-9E48-78DB8CD8BA6E}.Ad-Hoc|x64.ActiveCfg = Ad-Hoc|iPhone
		{57B5310C-5C7B-4AE4-9E48-78DB8CD8BA6E}.Ad-Hoc|x64.Build.0 = Ad-Hoc|iPhone
		{57B5310C-5C7B-4AE4-9E48-78DB8CD8BA6E}.Ad-Hoc|x64.Deploy.0 = Ad-Hoc|iPhone
		{57B5310C-5C7B-4AE4-9E48-78DB8CD8BA6E}.Ad-Hoc|x86.ActiveCfg = Ad-Hoc|iPhone
		{57B5310C-5C7B-4AE4-9E48-78DB8CD8BA6E}.Ad-Hoc|x86.Build.0 = Ad-Hoc|iPhone
		{57B5310C-5C7B-4AE4-9E48-78DB8CD8BA6E}.Ad-Hoc|x86.Deploy.0 = Ad-Hoc|iPhone
		{57B5310C-5C7B-4AE4-9E48-78DB8CD8BA6E}.AppStore|Any CPU.ActiveCfg = AppStore|iPhone
		{57B5310C-5C7B-4AE4-9E48-78DB8CD8BA6E}.AppStore|Any CPU.Build.0 = AppStore|iPhone
		{57B5310C-5C7B-4AE4-9E48-78DB8CD8BA6E}.AppStore|Any CPU.Deploy.0 = AppStore|iPhone
		{57B5310C-5C7B-4AE4-9E48-78DB8CD8BA6E}.AppStore|ARM.ActiveCfg = AppStore|iPhone
		{57B5310C-5C7B-4AE4-9E48-78DB8CD8BA6E}.AppStore|ARM.Build.0 = AppStore|iPhone
		{57B5310C-5C7B-4AE4-9E48-78DB8CD8BA6E}.AppStore|ARM.Deploy.0 = AppStore|iPhone
		{57B5310C-5C7B-4AE4-9E48-78DB8CD8BA6E}.AppStore|iPhone.ActiveCfg = AppStore|iPhone
		{57B5310C-5C7B-4AE4-9E48-78DB8CD8BA6E}.AppStore|iPhone.Build.0 = AppStore|iPhone
		{57B5310C-5C7B-4AE4-9E48-78DB8CD8BA6E}.AppStore|iPhone.Deploy.0 = AppStore|iPhone
		{57B5310C-5C7B-4AE4-9E48-78DB8CD8BA6E}.AppStore|iPhoneSimulator.ActiveCfg = AppStore|iPhoneSimulator
		{57B5310C-5C7B-4AE4-9E48-78DB8CD8BA6E}.AppStore|iPhoneSimulator.Build.0 = AppStore|iPhoneSimulator
		{57B5310C-5C7B-4AE4-9E48-78DB8CD8BA6E}.AppStore|iPhoneSimulator.Deploy.0 = AppStore|iPhoneSimulator
		{57B5310C-5C7B-4AE4-9E48-78DB8CD8BA6E}.AppStore|x64.ActiveCfg = AppStore|iPhone
		{57B5310C-5C7B-4AE4-9E48-78DB8CD8BA6E}.AppStore|x64.Build.0 = AppStore|iPhone
		{57B5310C-5C7B-4AE4-9E48-78DB8CD8BA6E}.AppStore|x64.Deploy.0 = AppStore|iPhone
		{57B5310C-5C7B-4AE4-9E48-78DB8CD8BA6E}.AppStore|x86.ActiveCfg = AppStore|iPhone
		{57B5310C-5C7B-4AE4-9E48-78DB8CD8BA6E}.AppStore|x86.Build.0 = AppStore|iPhone
		{57B5310C-5C7B-4AE4-9E48-78DB8CD8BA6E}.AppStore|x86.Deploy.0 = AppStore|iPhone
		{57B5310C-5C7B-4AE4-9E48-78DB8CD8BA6E}.Debug|Any CPU.ActiveCfg = Debug|iPhoneSimulator
		{57B5310C-5C7B-4AE4-9E48-78DB8CD8BA6E}.Debug|Any CPU.Build.0 = Debug|iPhoneSimulator
		{57B5310C-5C7B-4AE4-9E48-78DB8CD8BA6E}.Debug|Any CPU.Deploy.0 = Debug|iPhoneSimulator
		{57B5310C-5C7B-4AE4-9E48-78DB8CD8BA6E}.Debug|ARM.ActiveCfg = Debug|iPhone
		{57B5310C-5C7B-4AE4-9E48-78DB8CD8BA6E}.Debug|ARM.Build.0 = Debug|iPhone
		{57B5310C-5C7B-4AE4-9E48-78DB8CD8BA6E}.Debug|ARM.Deploy.0 = Debug|iPhone
		{57B5310C-5C7B-4AE4-9E48-78DB8CD8BA6E}.Debug|iPhone.ActiveCfg = Debug|iPhone
		{57B5310C-5C7B-4AE4-9E48-78DB8CD8BA6E}.Debug|iPhone.Build.0 = Debug|iPhone
		{57B5310C-5C7B-4AE4-9E48-78DB8CD8BA6E}.Debug|iPhone.Deploy.0 = Debug|iPhone
		{57B5310C-5C7B-4AE4-9E48-78DB8CD8BA6E}.Debug|iPhoneSimulator.ActiveCfg = Debug|iPhoneSimulator
		{57B5310C-5C7B-4AE4-9E48-78DB8CD8BA6E}.Debug|iPhoneSimulator.Build.0 = Debug|iPhoneSimulator
		{57B5310C-5C7B-4AE4-9E48-78DB8CD8BA6E}.Debug|iPhoneSimulator.Deploy.0 = Debug|iPhoneSimulator
		{57B5310C-5C7B-4AE4-9E48-78DB8CD8BA6E}.Debug|x64.ActiveCfg = Debug|iPhone
		{57B5310C-5C7B-4AE4-9E48-78DB8CD8BA6E}.Debug|x64.Build.0 = Debug|iPhone
		{57B5310C-5C7B-4AE4-9E48-78DB8CD8BA6E}.Debug|x64.Deploy.0 = Debug|iPhone
		{57B5310C-5C7B-4AE4-9E48-78DB8CD8BA6E}.Debug|x86.ActiveCfg = Debug|iPhone
		{57B5310C-5C7B-4AE4-9E48-78DB8CD8BA6E}.Debug|x86.Build.0 = Debug|iPhone
		{57B5310C-5C7B-4AE4-9E48-78DB8CD8BA6E}.Debug|x86.Deploy.0 = Debug|iPhone
		{57B5310C-5C7B-4AE4-9E48-78DB8CD8BA6E}.Release|Any CPU.ActiveCfg = Release|iPhone
		{57B5310C-5C7B-4AE4-9E48-78DB8CD8BA6E}.Release|Any CPU.Build.0 = Release|iPhone
		{57B5310C-5C7B-4AE4-9E48-78DB8CD8BA6E}.Release|Any CPU.Deploy.0 = Release|iPhone
		{57B5310C-5C7B-4AE4-9E48-78DB8CD8BA6E}.Release|ARM.ActiveCfg = Release|iPhone
		{57B5310C-5C7B-4AE4-9E48-78DB8CD8BA6E}.Release|ARM.Build.0 = Release|iPhone
		{57B5310C-5C7B-4AE4-9E48-78DB8CD8BA6E}.Release|ARM.Deploy.0 = Release|iPhone
		{57B5310C-5C7B-4AE4-9E48-78DB8CD8BA6E}.Release|iPhone.ActiveCfg = Release|iPhone
		{57B5310C-5C7B-4AE4-9E48-78DB8CD8BA6E}.Release|iPhone.Build.0 = Release|iPhone
		{57B5310C-5C7B-4AE4-9E48-78DB8CD8BA6E}.Release|iPhone.Deploy.0 = Release|iPhone
		{57B5310C-5C7B-4AE4-9E48-78DB8CD8BA6E}.Release|iPhoneSimulator.ActiveCfg = Release|iPhoneSimulator
		{57B5310C-5C7B-4AE4-9E48-78DB8CD8BA6E}.Release|iPhoneSimulator.Build.0 = Release|iPhoneSimulator
		{57B5310C-5C7B-4AE4-9E48-78DB8CD8BA6E}.Release|iPhoneSimulator.Deploy.0 = Release|iPhoneSimulator
		{57B5310C-5C7B-4AE4-9E48-78DB8CD8BA6E}.Release|x64.ActiveCfg = Release|iPhone
		{57B5310C-5C7B-4AE4-9E48-78DB8CD8BA6E}.Release|x64.Build.0 = Release|iPhone
		{57B5310C-5C7B-4AE4-9E48-78DB8CD8BA6E}.Release|x64.Deploy.0 = Release|iPhone
		{57B5310C-5C7B-4AE4-9E48-78DB8CD8BA6E}.Release|x86.ActiveCfg = Release|iPhone
		{57B5310C-5C7B-4AE4-9E48-78DB8CD8BA6E}.Release|x86.Build.0 = Release|iPhone
		{57B5310C-5C7B-4AE4-9E48-78DB8CD8BA6E}.Release|x86.Deploy.0 = Release|iPhone
		{BEFE3819-FD91-4B2B-BC7B-EFA18C1FA788}.Ad-Hoc|Any CPU.ActiveCfg = Release|x86
		{BEFE3819-FD91-4B2B-BC7B-EFA18C1FA788}.Ad-Hoc|Any CPU.Build.0 = Release|x86
		{BEFE3819-FD91-4B2B-BC7B-EFA18C1FA788}.Ad-Hoc|Any CPU.Deploy.0 = Release|x86
		{BEFE3819-FD91-4B2B-BC7B-EFA18C1FA788}.Ad-Hoc|ARM.ActiveCfg = Release|ARM
		{BEFE3819-FD91-4B2B-BC7B-EFA18C1FA788}.Ad-Hoc|ARM.Build.0 = Release|ARM
		{BEFE3819-FD91-4B2B-BC7B-EFA18C1FA788}.Ad-Hoc|ARM.Deploy.0 = Release|ARM
		{BEFE3819-FD91-4B2B-BC7B-EFA18C1FA788}.Ad-Hoc|iPhone.ActiveCfg = Release|x86
		{BEFE3819-FD91-4B2B-BC7B-EFA18C1FA788}.Ad-Hoc|iPhone.Build.0 = Release|x86
		{BEFE3819-FD91-4B2B-BC7B-EFA18C1FA788}.Ad-Hoc|iPhone.Deploy.0 = Release|x86
		{BEFE3819-FD91-4B2B-BC7B-EFA18C1FA788}.Ad-Hoc|iPhoneSimulator.ActiveCfg = Release|x86
		{BEFE3819-FD91-4B2B-BC7B-EFA18C1FA788}.Ad-Hoc|iPhoneSimulator.Build.0 = Release|x86
		{BEFE3819-FD91-4B2B-BC7B-EFA18C1FA788}.Ad-Hoc|iPhoneSimulator.Deploy.0 = Release|x86
		{BEFE3819-FD91-4B2B-BC7B-EFA18C1FA788}.Ad-Hoc|x64.ActiveCfg = Release|x64
		{BEFE3819-FD91-4B2B-BC7B-EFA18C1FA788}.Ad-Hoc|x64.Build.0 = Release|x64
		{BEFE3819-FD91-4B2B-BC7B-EFA18C1FA788}.Ad-Hoc|x64.Deploy.0 = Release|x64
		{BEFE3819-FD91-4B2B-BC7B-EFA18C1FA788}.Ad-Hoc|x86.ActiveCfg = Release|x86
		{BEFE3819-FD91-4B2B-BC7B-EFA18C1FA788}.Ad-Hoc|x86.Build.0 = Release|x86
		{BEFE3819-FD91-4B2B-BC7B-EFA18C1FA788}.Ad-Hoc|x86.Deploy.0 = Release|x86
		{BEFE3819-FD91-4B2B-BC7B-EFA18C1FA788}.AppStore|Any CPU.ActiveCfg = Release|x86
		{BEFE3819-FD91-4B2B-BC7B-EFA18C1FA788}.AppStore|Any CPU.Build.0 = Release|x86
		{BEFE3819-FD91-4B2B-BC7B-EFA18C1FA788}.AppStore|Any CPU.Deploy.0 = Release|x86
		{BEFE3819-FD91-4B2B-BC7B-EFA18C1FA788}.AppStore|ARM.ActiveCfg = Release|ARM
		{BEFE3819-FD91-4B2B-BC7B-EFA18C1FA788}.AppStore|ARM.Build.0 = Release|ARM
		{BEFE3819-FD91-4B2B-BC7B-EFA18C1FA788}.AppStore|ARM.Deploy.0 = Release|ARM
		{BEFE3819-FD91-4B2B-BC7B-EFA18C1FA788}.AppStore|iPhone.ActiveCfg = Release|x86
		{BEFE3819-FD91-4B2B-BC7B-EFA18C1FA788}.AppStore|iPhone.Build.0 = Release|x86
		{BEFE3819-FD91-4B2B-BC7B-EFA18C1FA788}.AppStore|iPhone.Deploy.0 = Release|x86
		{BEFE3819-FD91-4B2B-BC7B-EFA18C1FA788}.AppStore|iPhoneSimulator.ActiveCfg = Release|x86
		{BEFE3819-FD91-4B2B-BC7B-EFA18C1FA788}.AppStore|iPhoneSimulator.Build.0 = Release|x86
		{BEFE3819-FD91-4B2B-BC7B-EFA18C1FA788}.AppStore|iPhoneSimulator.Deploy.0 = Release|x86
		{BEFE3819-FD91-4B2B-BC7B-EFA18C1FA788}.AppStore|x64.ActiveCfg = Release|x64
		{BEFE3819-FD91-4B2B-BC7B-EFA18C1FA788}.AppStore|x64.Build.0 = Release|x64
		{BEFE3819-FD91-4B2B-BC7B-EFA18C1FA788}.AppStore|x64.Deploy.0 = Release|x64
		{BEFE3819-FD91-4B2B-BC7B-EFA18C1FA788}.AppStore|x86.ActiveCfg = Release|x86
		{BEFE3819-FD91-4B2B-BC7B-EFA18C1FA788}.AppStore|x86.Build.0 = Release|x86
		{BEFE3819-FD91-4B2B-BC7B-EFA18C1FA788}.AppStore|x86.Deploy.0 = Release|x86
		{BEFE3819-FD91-4B2B-BC7B-EFA18C1FA788}.Debug|Any CPU.ActiveCfg = Debug|x86
		{BEFE3819-FD91-4B2B-BC7B-EFA18C1FA788}.Debug|Any CPU.Build.0 = Debug|x86
		{BEFE3819-FD91-4B2B-BC7B-EFA18C1FA788}.Debug|Any CPU.Deploy.0 = Debug|x86
		{BEFE3819-FD91-4B2B-BC7B-EFA18C1FA788}.Debug|ARM.ActiveCfg = Debug|ARM
		{BEFE3819-FD91-4B2B-BC7B-EFA18C1FA788}.Debug|ARM.Build.0 = Debug|ARM
		{BEFE3819-FD91-4B2B-BC7B-EFA18C1FA788}.Debug|ARM.Deploy.0 = Debug|ARM
		{BEFE3819-FD91-4B2B-BC7B-EFA18C1FA788}.Debug|iPhone.ActiveCfg = Debug|x86
		{BEFE3819-FD91-4B2B-BC7B-EFA18C1FA788}.Debug|iPhone.Build.0 = Debug|x86
		{BEFE3819-FD91-4B2B-BC7B-EFA18C1FA788}.Debug|iPhone.Deploy.0 = Debug|x86
		{BEFE3819-FD91-4B2B-BC7B-EFA18C1FA788}.Debug|iPhoneSimulator.ActiveCfg = Debug|x86
		{BEFE3819-FD91-4B2B-BC7B-EFA18C1FA788}.Debug|iPhoneSimulator.Build.0 = Debug|x86
		{BEFE3819-FD91-4B2B-BC7B-EFA18C1FA788}.Debug|iPhoneSimulator.Deploy.0 = Debug|x86
		{BEFE3819-FD91-4B2B-BC7B-EFA18C1FA788}.Debug|x64.ActiveCfg = Debug|x64
		{BEFE3819-FD91-4B2B-BC7B-EFA18C1FA788}.Debug|x64.Build.0 = Debug|x64
		{BEFE3819-FD91-4B2B-BC7B-EFA18C1FA788}.Debug|x64.Deploy.0 = Debug|x64
		{BEFE3819-FD91-4B2B-BC7B-EFA18C1FA788}.Debug|x86.ActiveCfg = Debug|x86
		{BEFE3819-FD91-4B2B-BC7B-EFA18C1FA788}.Debug|x86.Build.0 = Debug|x86
		{BEFE3819-FD91-4B2B-BC7B-EFA18C1FA788}.Debug|x86.Deploy.0 = Debug|x86
		{BEFE3819-FD91-4B2B-BC7B-EFA18C1FA788}.Release|Any CPU.ActiveCfg = Release|x86
		{BEFE3819-FD91-4B2B-BC7B-EFA18C1FA788}.Release|Any CPU.Build.0 = Release|x86
		{BEFE3819-FD91-4B2B-BC7B-EFA18C1FA788}.Release|Any CPU.Deploy.0 = Release|x86
		{BEFE3819-FD91-4B2B-BC7B-EFA18C1FA788}.Release|ARM.ActiveCfg = Release|ARM
		{BEFE3819-FD91-4B2B-BC7B-EFA18C1FA788}.Release|ARM.Build.0 = Release|ARM
		{BEFE3819-FD91-4B2B-BC7B-EFA18C1FA788}.Release|ARM.Deploy.0 = Release|ARM
		{BEFE3819-FD91-4B2B-BC7B-EFA18C1FA788}.Release|iPhone.ActiveCfg = Release|x86
		{BEFE3819-FD91-4B2B-BC7B-EFA18C1FA788}.Release|iPhone.Build.0 = Release|x86
		{BEFE3819-FD91-4B2B-BC7B-EFA18C1FA788}.Release|iPhone.Deploy.0 = Release|x86
		{BEFE3819-FD91-4B2B-BC7B-EFA18C1FA788}.Release|iPhoneSimulator.ActiveCfg = Release|x86
		{BEFE3819-FD91-4B2B-BC7B-EFA18C1FA788}.Release|iPhoneSimulator.Build.0 = Release|x86
		{BEFE3819-FD91-4B2B-BC7B-EFA18C1FA788}.Release|iPhoneSimulator.Deploy.0 = Release|x86
		{BEFE3819-FD91-4B2B-BC7B-EFA18C1FA788}.Release|x64.ActiveCfg = Release|x64
		{BEFE3819-FD91-4B2B-BC7B-EFA18C1FA788}.Release|x64.Build.0 = Release|x64
		{BEFE3819-FD91-4B2B-BC7B-EFA18C1FA788}.Release|x64.Deploy.0 = Release|x64
		{BEFE3819-FD91-4B2B-BC7B-EFA18C1FA788}.Release|x86.ActiveCfg = Release|x86
		{BEFE3819-FD91-4B2B-BC7B-EFA18C1FA788}.Release|x86.Build.0 = Release|x86
		{BEFE3819-FD91-4B2B-BC7B-EFA18C1FA788}.Release|x86.Deploy.0 = Release|x86
		{40760B7F-5946-4410-9033-1B6A3CA04E3A}.Ad-Hoc|Any CPU.ActiveCfg = Debug|Any CPU
		{40760B7F-5946-4410-9033-1B6A3CA04E3A}.Ad-Hoc|Any CPU.Build.0 = Debug|Any CPU
		{40760B7F-5946-4410-9033-1B6A3CA04E3A}.Ad-Hoc|Any CPU.Deploy.0 = Debug|Any CPU
		{40760B7F-5946-4410-9033-1B6A3CA04E3A}.Ad-Hoc|ARM.ActiveCfg = Debug|Any CPU
		{40760B7F-5946-4410-9033-1B6A3CA04E3A}.Ad-Hoc|ARM.Build.0 = Debug|Any CPU
		{40760B7F-5946-4410-9033-1B6A3CA04E3A}.Ad-Hoc|ARM.Deploy.0 = Debug|Any CPU
		{40760B7F-5946-4410-9033-1B6A3CA04E3A}.Ad-Hoc|iPhone.ActiveCfg = Debug|Any CPU
		{40760B7F-5946-4410-9033-1B6A3CA04E3A}.Ad-Hoc|iPhone.Build.0 = Debug|Any CPU
		{40760B7F-5946-4410-9033-1B6A3CA04E3A}.Ad-Hoc|iPhone.Deploy.0 = Debug|Any CPU
		{40760B7F-5946-4410-9033-1B6A3CA04E3A}.Ad-Hoc|iPhoneSimulator.ActiveCfg = Debug|Any CPU
		{40760B7F-5946-4410-9033-1B6A3CA04E3A}.Ad-Hoc|iPhoneSimulator.Build.0 = Debug|Any CPU
		{40760B7F-5946-4410-9033-1B6A3CA04E3A}.Ad-Hoc|iPhoneSimulator.Deploy.0 = Debug|Any CPU
		{40760B7F-5946-4410-9033-1B6A3CA04E3A}.Ad-Hoc|x64.ActiveCfg = Debug|Any CPU
		{40760B7F-5946-4410-9033-1B6A3CA04E3A}.Ad-Hoc|x64.Build.0 = Debug|Any CPU
		{40760B7F-5946-4410-9033-1B6A3CA04E3A}.Ad-Hoc|x64.Deploy.0 = Debug|Any CPU
		{40760B7F-5946-4410-9033-1B6A3CA04E3A}.Ad-Hoc|x86.ActiveCfg = Debug|Any CPU
		{40760B7F-5946-4410-9033-1B6A3CA04E3A}.Ad-Hoc|x86.Build.0 = Debug|Any CPU
		{40760B7F-5946-4410-9033-1B6A3CA04E3A}.Ad-Hoc|x86.Deploy.0 = Debug|Any CPU
		{40760B7F-5946-4410-9033-1B6A3CA04E3A}.AppStore|Any CPU.ActiveCfg = Debug|Any CPU
		{40760B7F-5946-4410-9033-1B6A3CA04E3A}.AppStore|Any CPU.Build.0 = Debug|Any CPU
		{40760B7F-5946-4410-9033-1B6A3CA04E3A}.AppStore|Any CPU.Deploy.0 = Debug|Any CPU
		{40760B7F-5946-4410-9033-1B6A3CA04E3A}.AppStore|ARM.ActiveCfg = Debug|Any CPU
		{40760B7F-5946-4410-9033-1B6A3CA04E3A}.AppStore|ARM.Build.0 = Debug|Any CPU
		{40760B7F-5946-4410-9033-1B6A3CA04E3A}.AppStore|ARM.Deploy.0 = Debug|Any CPU
		{40760B7F-5946-4410-9033-1B6A3CA04E3A}.AppStore|iPhone.ActiveCfg = Debug|Any CPU
		{40760B7F-5946-4410-9033-1B6A3CA04E3A}.AppStore|iPhone.Build.0 = Debug|Any CPU
		{40760B7F-5946-4410-9033-1B6A3CA04E3A}.AppStore|iPhone.Deploy.0 = Debug|Any CPU
		{40760B7F-5946-4410-9033-1B6A3CA04E3A}.AppStore|iPhoneSimulator.ActiveCfg = Debug|Any CPU
		{40760B7F-5946-4410-9033-1B6A3CA04E3A}.AppStore|iPhoneSimulator.Build.0 = Debug|Any CPU
		{40760B7F-5946-4410-9033-1B6A3CA04E3A}.AppStore|iPhoneSimulator.Deploy.0 = Debug|Any CPU
		{40760B7F-5946-4410-9033-1B6A3CA04E3A}.AppStore|x64.ActiveCfg = Debug|Any CPU
		{40760B7F-5946-4410-9033-1B6A3CA04E3A}.AppStore|x64.Build.0 = Debug|Any CPU
		{40760B7F-5946-4410-9033-1B6A3CA04E3A}.AppStore|x64.Deploy.0 = Debug|Any CPU
		{40760B7F-5946-4410-9033-1B6A3CA04E3A}.AppStore|x86.ActiveCfg = Debug|Any CPU
		{40760B7F-5946-4410-9033-1B6A3CA04E3A}.AppStore|x86.Build.0 = Debug|Any CPU
		{40760B7F-5946-4410-9033-1B6A3CA04E3A}.AppStore|x86.Deploy.0 = Debug|Any CPU
		{40760B7F-5946-4410-9033-1B6A3CA04E3A}.Debug|Any CPU.ActiveCfg = Debug|Any CPU
		{40760B7F-5946-4410-9033-1B6A3CA04E3A}.Debug|Any CPU.Build.0 = Debug|Any CPU
		{40760B7F-5946-4410-9033-1B6A3CA04E3A}.Debug|Any CPU.Deploy.0 = Debug|Any CPU
		{40760B7F-5946-4410-9033-1B6A3CA04E3A}.Debug|ARM.ActiveCfg = Debug|Any CPU
		{40760B7F-5946-4410-9033-1B6A3CA04E3A}.Debug|ARM.Build.0 = Debug|Any CPU
		{40760B7F-5946-4410-9033-1B6A3CA04E3A}.Debug|ARM.Deploy.0 = Debug|Any CPU
		{40760B7F-5946-4410-9033-1B6A3CA04E3A}.Debug|iPhone.ActiveCfg = Debug|Any CPU
		{40760B7F-5946-4410-9033-1B6A3CA04E3A}.Debug|iPhone.Build.0 = Debug|Any CPU
		{40760B7F-5946-4410-9033-1B6A3CA04E3A}.Debug|iPhone.Deploy.0 = Debug|Any CPU
		{40760B7F-5946-4410-9033-1B6A3CA04E3A}.Debug|iPhoneSimulator.ActiveCfg = Debug|Any CPU
		{40760B7F-5946-4410-9033-1B6A3CA04E3A}.Debug|iPhoneSimulator.Build.0 = Debug|Any CPU
		{40760B7F-5946-4410-9033-1B6A3CA04E3A}.Debug|iPhoneSimulator.Deploy.0 = Debug|Any CPU
		{40760B7F-5946-4410-9033-1B6A3CA04E3A}.Debug|x64.ActiveCfg = Debug|Any CPU
		{40760B7F-5946-4410-9033-1B6A3CA04E3A}.Debug|x64.Build.0 = Debug|Any CPU
		{40760B7F-5946-4410-9033-1B6A3CA04E3A}.Debug|x64.Deploy.0 = Debug|Any CPU
		{40760B7F-5946-4410-9033-1B6A3CA04E3A}.Debug|x86.ActiveCfg = Debug|Any CPU
		{40760B7F-5946-4410-9033-1B6A3CA04E3A}.Debug|x86.Build.0 = Debug|Any CPU
		{40760B7F-5946-4410-9033-1B6A3CA04E3A}.Debug|x86.Deploy.0 = Debug|Any CPU
		{40760B7F-5946-4410-9033-1B6A3CA04E3A}.Release|Any CPU.ActiveCfg = Release|Any CPU
		{40760B7F-5946-4410-9033-1B6A3CA04E3A}.Release|Any CPU.Build.0 = Release|Any CPU
		{40760B7F-5946-4410-9033-1B6A3CA04E3A}.Release|Any CPU.Deploy.0 = Release|Any CPU
		{40760B7F-5946-4410-9033-1B6A3CA04E3A}.Release|ARM.ActiveCfg = Release|Any CPU
		{40760B7F-5946-4410-9033-1B6A3CA04E3A}.Release|ARM.Build.0 = Release|Any CPU
		{40760B7F-5946-4410-9033-1B6A3CA04E3A}.Release|ARM.Deploy.0 = Release|Any CPU
		{40760B7F-5946-4410-9033-1B6A3CA04E3A}.Release|iPhone.ActiveCfg = Release|Any CPU
		{40760B7F-5946-4410-9033-1B6A3CA04E3A}.Release|iPhone.Build.0 = Release|Any CPU
		{40760B7F-5946-4410-9033-1B6A3CA04E3A}.Release|iPhone.Deploy.0 = Release|Any CPU
		{40760B7F-5946-4410-9033-1B6A3CA04E3A}.Release|iPhoneSimulator.ActiveCfg = Release|Any CPU
		{40760B7F-5946-4410-9033-1B6A3CA04E3A}.Release|iPhoneSimulator.Build.0 = Release|Any CPU
		{40760B7F-5946-4410-9033-1B6A3CA04E3A}.Release|iPhoneSimulator.Deploy.0 = Release|Any CPU
		{40760B7F-5946-4410-9033-1B6A3CA04E3A}.Release|x64.ActiveCfg = Release|Any CPU
		{40760B7F-5946-4410-9033-1B6A3CA04E3A}.Release|x64.Build.0 = Release|Any CPU
		{40760B7F-5946-4410-9033-1B6A3CA04E3A}.Release|x64.Deploy.0 = Release|Any CPU
		{40760B7F-5946-4410-9033-1B6A3CA04E3A}.Release|x86.ActiveCfg = Release|Any CPU
		{40760B7F-5946-4410-9033-1B6A3CA04E3A}.Release|x86.Build.0 = Release|Any CPU
		{40760B7F-5946-4410-9033-1B6A3CA04E3A}.Release|x86.Deploy.0 = Release|Any CPU
	EndGlobalSection
	GlobalSection(SolutionProperties) = preSolution
		HideSolutionNode = FALSE
	EndGlobalSection
	GlobalSection(ExtensibilityGlobals) = postSolution
		SolutionGuid = {456E1639-55F7-4C79-B8E3-4529CC5693D0}
	EndGlobalSection
EndGlobal
